
Microsoft Visual Studio Solution File, Format Version 12.00
# Visual Studio Version 17
VisualStudioVersion = 17.2.32616.157
MinimumVisualStudioVersion = 10.0.40219.1
Project("{9A19103F-16F7-4668-BE54-9A1E7A4F7556}") = "MarkAsPlayed.Api", "MarkAsPlayed.Api\MarkAsPlayed.Api.csproj", "{61C5B564-8F1F-4A84-8E82-CDAEA2E1EB54}"
EndProject
Project("{2150E333-8FDC-42A3-9474-1A3956D46DE8}") = "Solution Items", "Solution Items", "{822D2E71-EAB9-4E40-B710-B54FEB40B7FF}"
	ProjectSection(SolutionItems) = preProject
		dev.Dockerfile = dev.Dockerfile
		run.sh = run.sh
	EndProjectSection
EndProject
Global
	GlobalSection(SolutionConfigurationPlatforms) = preSolution
		Debug|Any CPU = Debug|Any CPU
		Release|Any CPU = Release|Any CPU
	EndGlobalSection
	GlobalSection(ProjectConfigurationPlatforms) = postSolution
		{61C5B564-8F1F-4A84-8E82-CDAEA2E1EB54}.Debug|Any CPU.ActiveCfg = Debug|Any CPU
		{61C5B564-8F1F-4A84-8E82-CDAEA2E1EB54}.Debug|Any CPU.Build.0 = Debug|Any CPU
		{61C5B564-8F1F-4A84-8E82-CDAEA2E1EB54}.Release|Any CPU.ActiveCfg = Release|Any CPU
		{61C5B564-8F1F-4A84-8E82-CDAEA2E1EB54}.Release|Any CPU.Build.0 = Release|Any CPU
	EndGlobalSection
	GlobalSection(SolutionProperties) = preSolution
		HideSolutionNode = FALSE
	EndGlobalSection
	GlobalSection(ExtensibilityGlobals) = postSolution
		SolutionGuid = {C4826F8A-BE99-4E7E-A0CD-83F6B597DEE3}
	EndGlobalSection
EndGlobal
